{
  "name": "crear-patient-import",
  "version": "1.0.0",
  "lockfileVersion": 3,
  "requires": true,
  "packages": {
    "": {
      "name": "crear-patient-import",
      "version": "1.0.0",
      "dependencies": {
        "csv-parse": "^6.1.0",
        "pocketbase": "^0.28.0"
      }
    },
    "node_modules/csv-parse": {
      "version": "6.2.1",
      "resolved": "https://registry.npmjs.org/csv-parse/-/csv-parse-6.2.1.tgz",
      "integrity": "sha512-LRLMV+UCyfMokp8Wb411duBf1gaBKJfOfBWU9eHMJ+b+cJYZsNu3AFmjJf3+yPGd59Exz1TsMjaSFyxnYB9+IQ==",
      "license": "MIT"
    },
    "node_modules/pocketbase": {
      "version": "0.28.1",
      "resolved": "https://registry.npmjs.org/pocketbase/-/pocketbase-0.28.1.tgz",
      "integrity": "sha512-/3ihkq+rvfcs0MQgrK4sEElOg6gfenHW9S/O+3BSO+V1yT+4B10+9aT22uTQUPqze9ItwNtwWyY5ZmdgVCTdVA==",
      "license": "MIT"
    }
  }
}
